
Microsoft Visual Studio Solution File, Format Version 12.00
# Visual Studio Version 17
VisualStudioVersion = 17.1.32210.238
MinimumVisualStudioVersion = 10.0.40219.1
Project("{FAE04EC0-301F-11D3-BF4B-00C04F79EFBC}") = "BackEndTABAS", "BackEndTABAS.csproj", "{A08D41F8-CB03-48C2-8483-3E4F0764CDD4}"
EndProject
Global
	GlobalSection(SolutionConfigurationPlatforms) = preSolution
		Debug|Any CPU = Debug|Any CPU
		Release|Any CPU = Release|Any CPU
	EndGlobalSection
	GlobalSection(ProjectConfigurationPlatforms) = postSolution
		{A08D41F8-CB03-48C2-8483-3E4F0764CDD4}.Debug|Any CPU.ActiveCfg = Debug|Any CPU
		{A08D41F8-CB03-48C2-8483-3E4F0764CDD4}.Debug|Any CPU.Build.0 = Debug|Any CPU
		{A08D41F8-CB03-48C2-8483-3E4F0764CDD4}.Release|Any CPU.ActiveCfg = Release|Any CPU
		{A08D41F8-CB03-48C2-8483-3E4F0764CDD4}.Release|Any CPU.Build.0 = Release|Any CPU
	EndGlobalSection
	GlobalSection(SolutionProperties) = preSolution
		HideSolutionNode = FALSE
	EndGlobalSection
	GlobalSection(ExtensibilityGlobals) = postSolution
		SolutionGuid = {60CC245A-99A9-4EA0-A41A-1AE8460DC10C}
	EndGlobalSection
EndGlobal
